
Microsoft Visual Studio Solution File, Format Version 12.00
# Visual Studio Version 17
VisualStudioVersion = 17.4.33110.190
MinimumVisualStudioVersion = 10.0.40219.1
Project("{9A19103F-16F7-4668-BE54-9A1E7A4F7556}") = "ConsoleApp", "ConsoleApp\ConsoleApp.csproj", "{231AF554-3325-4342-8D24-EC8AB0B99C8E}"
EndProject
Project("{9A19103F-16F7-4668-BE54-9A1E7A4F7556}") = "Models", "Models\Models.csproj", "{4D31460B-4FA5-4155-A202-4321C671946E}"
EndProject
Project("{9A19103F-16F7-4668-BE54-9A1E7A4F7556}") = "WebApp", "WebApp\WebApp.csproj", "{CF908803-3B15-4B71-9C61-B5507D1A8702}"
EndProject
Project("{9A19103F-16F7-4668-BE54-9A1E7A4F7556}") = "WebAppOld", "WebAppOld\WebAppOld.csproj", "{B57F49C3-21EE-4700-8ECD-961EA6884F38}"
EndProject
Project("{FAE04EC0-301F-11D3-BF4B-00C04F79EFBC}") = "WebApp.Routing", "WebApp.Routing\WebApp.Routing.csproj", "{85D8B26C-91E1-4CB7-B6E3-9F2853F370D0}"
EndProject
Global
	GlobalSection(SolutionConfigurationPlatforms) = preSolution
		Debug|Any CPU = Debug|Any CPU
		Release|Any CPU = Release|Any CPU
	EndGlobalSection
	GlobalSection(ProjectConfigurationPlatforms) = postSolution
		{231AF554-3325-4342-8D24-EC8AB0B99C8E}.Debug|Any CPU.ActiveCfg = Debug|Any CPU
		{231AF554-3325-4342-8D24-EC8AB0B99C8E}.Debug|Any CPU.Build.0 = Debug|Any CPU
		{231AF554-3325-4342-8D24-EC8AB0B99C8E}.Release|Any CPU.ActiveCfg = Release|Any CPU
		{231AF554-3325-4342-8D24-EC8AB0B99C8E}.Release|Any CPU.Build.0 = Release|Any CPU
		{4D31460B-4FA5-4155-A202-4321C671946E}.Debug|Any CPU.ActiveCfg = Debug|Any CPU
		{4D31460B-4FA5-4155-A202-4321C671946E}.Debug|Any CPU.Build.0 = Debug|Any CPU
		{4D31460B-4FA5-4155-A202-4321C671946E}.Release|Any CPU.ActiveCfg = Release|Any CPU
		{4D31460B-4FA5-4155-A202-4321C671946E}.Release|Any CPU.Build.0 = Release|Any CPU
		{CF908803-3B15-4B71-9C61-B5507D1A8702}.Debug|Any CPU.ActiveCfg = Debug|Any CPU
		{CF908803-3B15-4B71-9C61-B5507D1A8702}.Debug|Any CPU.Build.0 = Debug|Any CPU
		{CF908803-3B15-4B71-9C61-B5507D1A8702}.Release|Any CPU.ActiveCfg = Release|Any CPU
		{CF908803-3B15-4B71-9C61-B5507D1A8702}.Release|Any CPU.Build.0 = Release|Any CPU
		{B57F49C3-21EE-4700-8ECD-961EA6884F38}.Debug|Any CPU.ActiveCfg = Debug|Any CPU
		{B57F49C3-21EE-4700-8ECD-961EA6884F38}.Debug|Any CPU.Build.0 = Debug|Any CPU
		{B57F49C3-21EE-4700-8ECD-961EA6884F38}.Release|Any CPU.ActiveCfg = Release|Any CPU
		{B57F49C3-21EE-4700-8ECD-961EA6884F38}.Release|Any CPU.Build.0 = Release|Any CPU
		{85D8B26C-91E1-4CB7-B6E3-9F2853F370D0}.Debug|Any CPU.ActiveCfg = Debug|Any CPU
		{85D8B26C-91E1-4CB7-B6E3-9F2853F370D0}.Debug|Any CPU.Build.0 = Debug|Any CPU
		{85D8B26C-91E1-4CB7-B6E3-9F2853F370D0}.Release|Any CPU.ActiveCfg = Release|Any CPU
		{85D8B26C-91E1-4CB7-B6E3-9F2853F370D0}.Release|Any CPU.Build.0 = Release|Any CPU
	EndGlobalSection
	GlobalSection(SolutionProperties) = preSolution
		HideSolutionNode = FALSE
	EndGlobalSection
	GlobalSection(ExtensibilityGlobals) = postSolution
		SolutionGuid = {E5863881-C81A-48B7-A2A5-1BAFCFBB852C}
	EndGlobalSection
EndGlobal
